
Microsoft Visual Studio Solution File, Format Version 12.00
# Visual Studio Version 16
VisualStudioVersion = 16.0.30114.105
MinimumVisualStudioVersion = 10.0.40219.1
Project("{FAE04EC0-301F-11D3-BF4B-00C04F79EFBC}") = "cpfvalidator", "library\cpfvalidator.csproj", "{1C310D86-18D6-4079-8817-9CE38775AD95}"
EndProject
Project("{FAE04EC0-301F-11D3-BF4B-00C04F79EFBC}") = "cpftest", "cpftest\cpftest.csproj", "{A625D0BD-EB32-4BD8-926B-ACEAD206A1CA}"
EndProject
Global
	GlobalSection(SolutionConfigurationPlatforms) = preSolution
		Debug|Any CPU = Debug|Any CPU
		Release|Any CPU = Release|Any CPU
	EndGlobalSection
	GlobalSection(SolutionProperties) = preSolution
		HideSolutionNode = FALSE
	EndGlobalSection
	GlobalSection(ProjectConfigurationPlatforms) = postSolution
		{1C310D86-18D6-4079-8817-9CE38775AD95}.Debug|Any CPU.ActiveCfg = Debug|Any CPU
		{1C310D86-18D6-4079-8817-9CE38775AD95}.Debug|Any CPU.Build.0 = Debug|Any CPU
		{1C310D86-18D6-4079-8817-9CE38775AD95}.Release|Any CPU.ActiveCfg = Release|Any CPU
		{1C310D86-18D6-4079-8817-9CE38775AD95}.Release|Any CPU.Build.0 = Release|Any CPU
		{A625D0BD-EB32-4BD8-926B-ACEAD206A1CA}.Debug|Any CPU.ActiveCfg = Debug|Any CPU
		{A625D0BD-EB32-4BD8-926B-ACEAD206A1CA}.Debug|Any CPU.Build.0 = Debug|Any CPU
		{A625D0BD-EB32-4BD8-926B-ACEAD206A1CA}.Release|Any CPU.ActiveCfg = Release|Any CPU
		{A625D0BD-EB32-4BD8-926B-ACEAD206A1CA}.Release|Any CPU.Build.0 = Release|Any CPU
	EndGlobalSection
EndGlobal
